
Microsoft Visual Studio Solution File, Format Version 12.00
# Visual Studio Version 17
VisualStudioVersion = 17.14.37301.10 d17.14
MinimumVisualStudioVersion = 10.0.40219.1
Project("{8BC9CEB8-8B4A-11D0-8D11-00A0C91BC942}") = "Capture", "Capture\Capture.vcxproj", "{468851B4-20BB-4368-8F1E-A56F7D27674E}"
EndProject
Project("{C7167F0D-BC9F-4E6E-AFE1-012C56B48DB5}") = "OpenSourceCapture", "OpenSourceCapture\OpenSourceCapture.wapproj", "{BD517B4C-4E02-44EA-8B66-C926D3853E92}"
EndProject
Global
	GlobalSection(SolutionConfigurationPlatforms) = preSolution
		arm|Any CPU = arm|Any CPU
		arm|ARM = arm|ARM
		arm|ARM64 = arm|ARM64
		arm|Win32 = arm|Win32
		arm|x64 = arm|x64
		arm|x86 = arm|x86
		arm64|Any CPU = arm64|Any CPU
		arm64|ARM = arm64|ARM
		arm64|ARM64 = arm64|ARM64
		arm64|Win32 = arm64|Win32
		arm64|x64 = arm64|x64
		arm64|x86 = arm64|x86
		Debug|Any CPU = Debug|Any CPU
		Debug|ARM = Debug|ARM
		Debug|ARM64 = Debug|ARM64
		Debug|Win32 = Debug|Win32
		Debug|x64 = Debug|x64
		Debug|x86 = Debug|x86
		Release|Any CPU = Release|Any CPU
		Release|ARM = Release|ARM
		Release|ARM64 = Release|ARM64
		Release|Win32 = Release|Win32
		Release|x64 = Release|x64
		Release|x86 = Release|x86
	EndGlobalSection
	GlobalSection(ProjectConfigurationPlatforms) = postSolution
		{468851B4-20BB-4368-8F1E-A56F7D27674E}.arm|Any CPU.ActiveCfg = arm|x64
		{468851B4-20BB-4368-8F1E-A56F7D27674E}.arm|Any CPU.Build.0 = arm|x64
		{468851B4-20BB-4368-8F1E-A56F7D27674E}.arm|ARM.ActiveCfg = rel|ARM
		{468851B4-20BB-4368-8F1E-A56F7D27674E}.arm|ARM.Build.0 = rel|ARM
		{468851B4-20BB-4368-8F1E-A56F7D27674E}.arm|ARM64.ActiveCfg = arm|x64
		{468851B4-20BB-4368-8F1E-A56F7D27674E}.arm|ARM64.Build.0 = arm|x64
		{468851B4-20BB-4368-8F1E-A56F7D27674E}.arm|Win32.ActiveCfg = arm|Win32
		{468851B4-20BB-4368-8F1E-A56F7D27674E}.arm|Win32.Build.0 = arm|Win32
		{468851B4-20BB-4368-8F1E-A56F7D27674E}.arm|x64.ActiveCfg = arm|ARM
		{468851B4-20BB-4368-8F1E-A56F7D27674E}.arm|x64.Build.0 = arm|ARM
		{468851B4-20BB-4368-8F1E-A56F7D27674E}.arm|x86.ActiveCfg = rel|Win32
		{468851B4-20BB-4368-8F1E-A56F7D27674E}.arm|x86.Build.0 = rel|Win32
		{468851B4-20BB-4368-8F1E-A56F7D27674E}.arm64|Any CPU.ActiveCfg = arm64|x64
		{468851B4-20BB-4368-8F1E-A56F7D27674E}.arm64|Any CPU.Build.0 = arm64|x64
		{468851B4-20BB-4368-8F1E-A56F7D27674E}.arm64|ARM.ActiveCfg = arm64|ARM
		{468851B4-20BB-4368-8F1E-A56F7D27674E}.arm64|ARM.Build.0 = arm64|ARM
		{468851B4-20BB-4368-8F1E-A56F7D27674E}.arm64|ARM64.ActiveCfg = arm64|x64
		{468851B4-20BB-4368-8F1E-A56F7D27674E}.arm64|ARM64.Build.0 = arm64|x64
		{468851B4-20BB-4368-8F1E-A56F7D27674E}.arm64|Win32.ActiveCfg = arm64|Win32
		{468851B4-20BB-4368-8F1E-A56F7D27674E}.arm64|Win32.Build.0 = arm64|Win32
		{468851B4-20BB-4368-8F1E-A56F7D27674E}.arm64|x64.ActiveCfg = arm64|x64
		{468851B4-20BB-4368-8F1E-A56F7D27674E}.arm64|x64.Build.0 = arm64|x64
		{468851B4-20BB-4368-8F1E-A56F7D27674E}.arm64|x86.ActiveCfg = arm64|Win32
		{468851B4-20BB-4368-8F1E-A56F7D27674E}.arm64|x86.Build.0 = arm64|Win32
		{468851B4-20BB-4368-8F1E-A56F7D27674E}.Debug|Any CPU.ActiveCfg = arm64|x64
		{468851B4-20BB-4368-8F1E-A56F7D27674E}.Debug|Any CPU.Build.0 = arm64|x64
		{468851B4-20BB-4368-8F1E-A56F7D27674E}.Debug|ARM.ActiveCfg = arm64|ARM
		{468851B4-20BB-4368-8F1E-A56F7D27674E}.Debug|ARM.Build.0 = arm64|ARM
		{468851B4-20BB-4368-8F1E-A56F7D27674E}.Debug|ARM64.ActiveCfg = arm64|x64
		{468851B4-20BB-4368-8F1E-A56F7D27674E}.Debug|ARM64.Build.0 = arm64|x64
		{468851B4-20BB-4368-8F1E-A56F7D27674E}.Debug|Win32.ActiveCfg = arm64|Win32
		{468851B4-20BB-4368-8F1E-A56F7D27674E}.Debug|Win32.Build.0 = arm64|Win32
		{468851B4-20BB-4368-8F1E-A56F7D27674E}.Debug|x64.ActiveCfg = arm64|x64
		{468851B4-20BB-4368-8F1E-A56F7D27674E}.Debug|x64.Build.0 = arm64|x64
		{468851B4-20BB-4368-8F1E-A56F7D27674E}.Debug|x86.ActiveCfg = arm64|Win32
		{468851B4-20BB-4368-8F1E-A56F7D27674E}.Debug|x86.Build.0 = arm64|Win32
		{468851B4-20BB-4368-8F1E-A56F7D27674E}.Release|Any CPU.ActiveCfg = Release|x64
		{468851B4-20BB-4368-8F1E-A56F7D27674E}.Release|Any CPU.Build.0 = Release|x64
		{468851B4-20BB-4368-8F1E-A56F7D27674E}.Release|ARM.ActiveCfg = Release|ARM
		{468851B4-20BB-4368-8F1E-A56F7D27674E}.Release|ARM.Build.0 = Release|ARM
		{468851B4-20BB-4368-8F1E-A56F7D27674E}.Release|ARM64.ActiveCfg = Release|x64
		{468851B4-20BB-4368-8F1E-A56F7D27674E}.Release|ARM64.Build.0 = Release|x64
		{468851B4-20BB-4368-8F1E-A56F7D27674E}.Release|Win32.ActiveCfg = Release|Win32
		{468851B4-20BB-4368-8F1E-A56F7D27674E}.Release|Win32.Build.0 = Release|Win32
		{468851B4-20BB-4368-8F1E-A56F7D27674E}.Release|x64.ActiveCfg = Release|x64
		{468851B4-20BB-4368-8F1E-A56F7D27674E}.Release|x64.Build.0 = Release|x64
		{468851B4-20BB-4368-8F1E-A56F7D27674E}.Release|x86.ActiveCfg = Release|Win32
		{468851B4-20BB-4368-8F1E-A56F7D27674E}.Release|x86.Build.0 = Release|Win32
		{BD517B4C-4E02-44EA-8B66-C926D3853E92}.arm|Any CPU.ActiveCfg = Release|Any CPU
		{BD517B4C-4E02-44EA-8B66-C926D3853E92}.arm|Any CPU.Build.0 = Release|Any CPU
		{BD517B4C-4E02-44EA-8B66-C926D3853E92}.arm|Any CPU.Deploy.0 = Release|Any CPU
		{BD517B4C-4E02-44EA-8B66-C926D3853E92}.arm|ARM.ActiveCfg = Debug|ARM
		{BD517B4C-4E02-44EA-8B66-C926D3853E92}.arm|ARM.Build.0 = Debug|ARM
		{BD517B4C-4E02-44EA-8B66-C926D3853E92}.arm|ARM.Deploy.0 = Debug|ARM
		{BD517B4C-4E02-44EA-8B66-C926D3853E92}.arm|ARM64.ActiveCfg = Debug|ARM64
		{BD517B4C-4E02-44EA-8B66-C926D3853E92}.arm|ARM64.Build.0 = Debug|ARM64
		{BD517B4C-4E02-44EA-8B66-C926D3853E92}.arm|ARM64.Deploy.0 = Debug|ARM64
		{BD517B4C-4E02-44EA-8B66-C926D3853E92}.arm|Win32.ActiveCfg = Debug|x86
		{BD517B4C-4E02-44EA-8B66-C926D3853E92}.arm|Win32.Build.0 = Debug|x86
		{BD517B4C-4E02-44EA-8B66-C926D3853E92}.arm|Win32.Deploy.0 = Debug|x86
		{BD517B4C-4E02-44EA-8B66-C926D3853E92}.arm|x64.ActiveCfg = Debug|x64
		{BD517B4C-4E02-44EA-8B66-C926D3853E92}.arm|x64.Build.0 = Debug|x64
		{BD517B4C-4E02-44EA-8B66-C926D3853E92}.arm|x64.Deploy.0 = Debug|x64
		{BD517B4C-4E02-44EA-8B66-C926D3853E92}.arm|x86.ActiveCfg = Debug|x86
		{BD517B4C-4E02-44EA-8B66-C926D3853E92}.arm|x86.Build.0 = Debug|x86
		{BD517B4C-4E02-44EA-8B66-C926D3853E92}.arm|x86.Deploy.0 = Debug|x86
		{BD517B4C-4E02-44EA-8B66-C926D3853E92}.arm64|Any CPU.ActiveCfg = Release|Any CPU
		{BD517B4C-4E02-44EA-8B66-C926D3853E92}.arm64|Any CPU.Build.0 = Release|Any CPU
		{BD517B4C-4E02-44EA-8B66-C926D3853E92}.arm64|Any CPU.Deploy.0 = Release|Any CPU
		{BD517B4C-4E02-44EA-8B66-C926D3853E92}.arm64|ARM.ActiveCfg = Debug|ARM
		{BD517B4C-4E02-44EA-8B66-C926D3853E92}.arm64|ARM.Build.0 = Debug|ARM
		{BD517B4C-4E02-44EA-8B66-C926D3853E92}.arm64|ARM.Deploy.0 = Debug|ARM
		{BD517B4C-4E02-44EA-8B66-C926D3853E92}.arm64|ARM64.ActiveCfg = Debug|ARM64
		{BD517B4C-4E02-44EA-8B66-C926D3853E92}.arm64|ARM64.Build.0 = Debug|ARM64
		{BD517B4C-4E02-44EA-8B66-C926D3853E92}.arm64|ARM64.Deploy.0 = Debug|ARM64
		{BD517B4C-4E02-44EA-8B66-C926D3853E92}.arm64|Win32.ActiveCfg = Debug|x86
		{BD517B4C-4E02-44EA-8B66-C926D3853E92}.arm64|Win32.Build.0 = Debug|x86
		{BD517B4C-4E02-44EA-8B66-C926D3853E92}.arm64|Win32.Deploy.0 = Debug|x86
		{BD517B4C-4E02-44EA-8B66-C926D3853E92}.arm64|x64.ActiveCfg = Debug|x64
		{BD517B4C-4E02-44EA-8B66-C926D3853E92}.arm64|x64.Build.0 = Debug|x64
		{BD517B4C-4E02-44EA-8B66-C926D3853E92}.arm64|x64.Deploy.0 = Debug|x64
		{BD517B4C-4E02-44EA-8B66-C926D3853E92}.arm64|x86.ActiveCfg = Debug|x86
		{BD517B4C-4E02-44EA-8B66-C926D3853E92}.arm64|x86.Build.0 = Debug|x86
		{BD517B4C-4E02-44EA-8B66-C926D3853E92}.arm64|x86.Deploy.0 = Debug|x86
		{BD517B4C-4E02-44EA-8B66-C926D3853E92}.Debug|Any CPU.ActiveCfg = Debug|Any CPU
		{BD517B4C-4E02-44EA-8B66-C926D3853E92}.Debug|Any CPU.Build.0 = Debug|Any CPU
		{BD517B4C-4E02-44EA-8B66-C926D3853E92}.Debug|Any CPU.Deploy.0 = Debug|Any CPU
		{BD517B4C-4E02-44EA-8B66-C926D3853E92}.Debug|ARM.ActiveCfg = Debug|ARM
		{BD517B4C-4E02-44EA-8B66-C926D3853E92}.Debug|ARM.Build.0 = Debug|ARM
		{BD517B4C-4E02-44EA-8B66-C926D3853E92}.Debug|ARM.Deploy.0 = Debug|ARM
		{BD517B4C-4E02-44EA-8B66-C926D3853E92}.Debug|ARM64.ActiveCfg = Debug|ARM64
		{BD517B4C-4E02-44EA-8B66-C926D3853E92}.Debug|ARM64.Build.0 = Debug|ARM64
		{BD517B4C-4E02-44EA-8B66-C926D3853E92}.Debug|ARM64.Deploy.0 = Debug|ARM64
		{BD517B4C-4E02-44EA-8B66-C926D3853E92}.Debug|Win32.ActiveCfg = Debug|x86
		{BD517B4C-4E02-44EA-8B66-C926D3853E92}.Debug|Win32.Build.0 = Debug|x86
		{BD517B4C-4E02-44EA-8B66-C926D3853E92}.Debug|Win32.Deploy.0 = Debug|x86
		{BD517B4C-4E02-44EA-8B66-C926D3853E92}.Debug|x64.ActiveCfg = Debug|x64
		{BD517B4C-4E02-44EA-8B66-C926D3853E92}.Debug|x64.Build.0 = Debug|x64
		{BD517B4C-4E02-44EA-8B66-C926D3853E92}.Debug|x64.Deploy.0 = Debug|x64
		{BD517B4C-4E02-44EA-8B66-C926D3853E92}.Debug|x86.ActiveCfg = Debug|x86
		{BD517B4C-4E02-44EA-8B66-C926D3853E92}.Debug|x86.Build.0 = Debug|x86
		{BD517B4C-4E02-44EA-8B66-C926D3853E92}.Debug|x86.Deploy.0 = Debug|x86
		{BD517B4C-4E02-44EA-8B66-C926D3853E92}.Release|Any CPU.ActiveCfg = Release|Any CPU
		{BD517B4C-4E02-44EA-8B66-C926D3853E92}.Release|Any CPU.Build.0 = Release|Any CPU
		{BD517B4C-4E02-44EA-8B66-C926D3853E92}.Release|Any CPU.Deploy.0 = Release|Any CPU
		{BD517B4C-4E02-44EA-8B66-C926D3853E92}.Release|ARM.ActiveCfg = Release|ARM
		{BD517B4C-4E02-44EA-8B66-C926D3853E92}.Release|ARM.Build.0 = Release|ARM
		{BD517B4C-4E02-44EA-8B66-C926D3853E92}.Release|ARM.Deploy.0 = Release|ARM
		{BD517B4C-4E02-44EA-8B66-C926D3853E92}.Release|ARM64.ActiveCfg = Release|ARM64
		{BD517B4C-4E02-44EA-8B66-C926D3853E92}.Release|ARM64.Build.0 = Release|ARM64
		{BD517B4C-4E02-44EA-8B66-C926D3853E92}.Release|ARM64.Deploy.0 = Release|ARM64
		{BD517B4C-4E02-44EA-8B66-C926D3853E92}.Release|Win32.ActiveCfg = Release|x86
		{BD517B4C-4E02-44EA-8B66-C926D3853E92}.Release|Win32.Build.0 = Release|x86
		{BD517B4C-4E02-44EA-8B66-C926D3853E92}.Release|Win32.Deploy.0 = Release|x86
		{BD517B4C-4E02-44EA-8B66-C926D3853E92}.Release|x64.ActiveCfg = Release|x64
		{BD517B4C-4E02-44EA-8B66-C926D3853E92}.Release|x64.Build.0 = Release|x64
		{BD517B4C-4E02-44EA-8B66-C926D3853E92}.Release|x64.Deploy.0 = Release|x64
		{BD517B4C-4E02-44EA-8B66-C926D3853E92}.Release|x86.ActiveCfg = Release|x86
		{BD517B4C-4E02-44EA-8B66-C926D3853E92}.Release|x86.Build.0 = Release|x86
		{BD517B4C-4E02-44EA-8B66-C926D3853E92}.Release|x86.Deploy.0 = Release|x86
	EndGlobalSection
	GlobalSection(SolutionProperties) = preSolution
		HideSolutionNode = FALSE
	EndGlobalSection
	GlobalSection(ExtensibilityGlobals) = postSolution
		SolutionGuid = {0C6AF182-5361-4710-BD0A-1CAF2BEF4BF6}
	EndGlobalSection
EndGlobal
